{
  "name": "@rukmanamreza/batch-delegate",
  "version": "7.0.0",
  "lockfileVersion": 1,
  "requires": true,
  "dependencies": {
    "@ardatan/aggregate-error": {
      "version": "0.0.6",
      "resolved": "https://registry.npmjs.org/@ardatan/aggregate-error/-/aggregate-error-0.0.6.tgz",
      "integrity": "sha512-vyrkEHG1jrukmzTPtyWB4NLPauUw5bQeg4uhn8f+1SSynmrOcyvlb1GKQjjgoBzElLdfXCRYX8UnBlhklOHYRQ==",
      "requires": {
        "tslib": "~2.0.1"
      }
    },
    "@graphql-tools/batch-delegate": {
      "version": "7.0.0",
      "resolved": "https://registry.npmjs.org/@graphql-tools/batch-delegate/-/batch-delegate-7.0.0.tgz",
      "integrity": "sha512-ndEkkgmnEtTrW9sHYmuhrBqHxvo/zFPDU8I3XqhiuciihehB4gsaGdmn2PW+939atUYL1o8r0+Xd5LlwNCQIFg==",
      "dev": true,
      "requires": {
        "@graphql-tools/delegate": "^7.0.0",
        "dataloader": "2.0.0",
        "tslib": "~2.0.1"
      }
    },
    "@graphql-tools/batch-execute": {
      "version": "7.0.0",
      "resolved": "https://registry.npmjs.org/@graphql-tools/batch-execute/-/batch-execute-7.0.0.tgz",
      "integrity": "sha512-+ywPfK6N2Ddna6oOa5Qb1Mv7EA8LOwRNOAPP9dL37FEhksJM9pYqPSceUcqMqg7S9b0+Cgr78s408rgvurV3/Q==",
      "requires": {
        "@graphql-tools/utils": "^7.0.0",
        "dataloader": "2.0.0",
        "is-promise": "4.0.0",
        "tslib": "~2.0.1"
      }
    },
    "@graphql-tools/delegate": {
      "version": "7.0.5",
      "resolved": "https://registry.npmjs.org/@graphql-tools/delegate/-/delegate-7.0.5.tgz",
      "integrity": "sha512-wkB/L9cRxlPB4m9k9WQJZYPbnRxfEu2bkxvI9pVGHMsmoQxMZiM2GkhCBHDTBYJb7cxCS6Wv3LJb1w0iEqw24w==",
      "requires": {
        "@ardatan/aggregate-error": "0.0.6",
        "@graphql-tools/batch-execute": "^7.0.0",
        "@graphql-tools/schema": "^7.0.0",
        "@graphql-tools/utils": "^7.0.2",
        "dataloader": "2.0.0",
        "is-promise": "4.0.0",
        "tslib": "~2.0.1"
      }
    },
    "@graphql-tools/merge": {
      "version": "6.2.5",
      "resolved": "https://registry.npmjs.org/@graphql-tools/merge/-/merge-6.2.5.tgz",
      "integrity": "sha512-T2UEm7L5MeS1ggbGKBkdV9kTqLqSHQM13RrjPzIAYzkFL/mK837sf+oq8h2+R8B+senuHX8akUhMTcU85kcMvw==",
      "dev": true,
      "requires": {
        "@graphql-tools/schema": "^7.0.0",
        "@graphql-tools/utils": "^7.0.0",
        "tslib": "~2.0.1"
      }
    },
    "@graphql-tools/schema": {
      "version": "7.0.0",
      "resolved": "https://registry.npmjs.org/@graphql-tools/schema/-/schema-7.0.0.tgz",
      "integrity": "sha512-yDKgoT2+Uf3cdLYmiFB9lRIGsB6lZhILtCXHgZigYgURExrEPmfj3ZyszfEpPKYcPmKaO9FI4coDhIN0Toxl3w==",
      "requires": {
        "@graphql-tools/utils": "^7.0.0",
        "tslib": "~2.0.1"
      }
    },
    "@graphql-tools/stitch": {
      "version": "7.0.4",
      "resolved": "https://registry.npmjs.org/@graphql-tools/stitch/-/stitch-7.0.4.tgz",
      "integrity": "sha512-GfEwUZ6Z0LFB/u0nOMbxXdzYN/lkxvk86rZaqf6R/r8mo8PVeiEwMTxh9MDj9Z1G0ahoKxLCCP0FgTLhBb0MVA==",
      "dev": true,
      "requires": {
        "@graphql-tools/batch-delegate": "^7.0.0",
        "@graphql-tools/delegate": "^7.0.5",
        "@graphql-tools/merge": "^6.2.5",
        "@graphql-tools/schema": "^7.0.0",
        "@graphql-tools/utils": "^7.0.0",
        "@graphql-tools/wrap": "^7.0.0",
        "is-promise": "4.0.0",
        "tslib": "~2.0.1"
      }
    },
    "@graphql-tools/utils": {
      "version": "7.0.2",
      "resolved": "https://registry.npmjs.org/@graphql-tools/utils/-/utils-7.0.2.tgz",
      "integrity": "sha512-VQQ7krHeoXO0FS3qbWsb/vZb8c8oyiCYPIH4RSgeK9SKOUpatWYt3DW4jmLmyHZLVVMk0yjUbsOhKTBEMejKSA==",
      "requires": {
        "@ardatan/aggregate-error": "0.0.6",
        "camel-case": "4.1.1",
        "tslib": "~2.0.1"
      }
    },
    "@graphql-tools/wrap": {
      "version": "7.0.1",
      "resolved": "https://registry.npmjs.org/@graphql-tools/wrap/-/wrap-7.0.1.tgz",
      "integrity": "sha512-0feqjgEJSRLm2V0kEUaV2dw7ukVPjRujYMqNdcqHsIyXmf0VO8PGF5hcva/+5U/9Yfbf3Fck+P5JTJ5MlXPlsQ==",
      "dev": true,
      "requires": {
        "@graphql-tools/delegate": "^7.0.0",
        "@graphql-tools/schema": "^7.0.0",
        "@graphql-tools/utils": "^7.0.0",
        "is-promise": "4.0.0",
        "tslib": "~2.0.1"
      }
    },
    "@rukmanamreza/dataloader": {
      "version": "2.0.0",
      "resolved": "https://registry.npmjs.org/@rukmanamreza/dataloader/-/dataloader-2.0.0.tgz",
      "integrity": "sha512-pvZTPW0v1C29SB9Mqj8aI7N/+t886cxtfYMOhKCzLLqax6K2iIyP1H8lNEM6CwWzyJtfmGJGIoGY65AwfDq8xA=="
    },
    "camel-case": {
      "version": "4.1.1",
      "resolved": "https://registry.npmjs.org/camel-case/-/camel-case-4.1.1.tgz",
      "integrity": "sha512-7fa2WcG4fYFkclIvEmxBbTvmibwF2/agfEBc6q3lOpVu0A13ltLsA+Hr/8Hp6kp5f+G7hKi6t8lys6XxP+1K6Q==",
      "requires": {
        "pascal-case": "^3.1.1",
        "tslib": "^1.10.0"
      },
      "dependencies": {
        "tslib": {
          "version": "1.14.1",
          "resolved": "https://registry.npmjs.org/tslib/-/tslib-1.14.1.tgz",
          "integrity": "sha512-Xni35NKzjgMrwevysHTCArtLDpPvye8zV/0E4EyYn43P7/7qvQwPh9BGkHewbMulVntbigmcT7rdX3BNo9wRJg=="
        }
      }
    },
    "dataloader": {
      "version": "2.0.0",
      "resolved": "https://registry.npmjs.org/dataloader/-/dataloader-2.0.0.tgz",
      "integrity": "sha512-YzhyDAwA4TaQIhM5go+vCLmU0UikghC/t9DTQYZR2M/UvZ1MdOhPezSDZcjj9uqQJOMqjLcpWtyW2iNINdlatQ=="
    },
    "graphql": {
      "version": "15.4.0",
      "resolved": "https://registry.npmjs.org/graphql/-/graphql-15.4.0.tgz",
      "integrity": "sha512-EB3zgGchcabbsU9cFe1j+yxdzKQKAbGUWRb13DsrsMN1yyfmmIq+2+L5MqVWcDCE4V89R5AyUOi7sMOGxdsYtA=="
    },
    "is-promise": {
      "version": "4.0.0",
      "resolved": "https://registry.npmjs.org/is-promise/-/is-promise-4.0.0.tgz",
      "integrity": "sha512-hvpoI6korhJMnej285dSg6nu1+e6uxs7zG3BYAm5byqDsgJNWwxzM6z6iZiAgQR4TJ30JmBTOwqZUw3WlyH3AQ=="
    },
    "lower-case": {
      "version": "2.0.1",
      "resolved": "https://registry.npmjs.org/lower-case/-/lower-case-2.0.1.tgz",
      "integrity": "sha512-LiWgfDLLb1dwbFQZsSglpRj+1ctGnayXz3Uv0/WO8n558JycT5fg6zkNcnW0G68Nn0aEldTFeEfmjCfmqry/rQ==",
      "requires": {
        "tslib": "^1.10.0"
      },
      "dependencies": {
        "tslib": {
          "version": "1.14.1",
          "resolved": "https://registry.npmjs.org/tslib/-/tslib-1.14.1.tgz",
          "integrity": "sha512-Xni35NKzjgMrwevysHTCArtLDpPvye8zV/0E4EyYn43P7/7qvQwPh9BGkHewbMulVntbigmcT7rdX3BNo9wRJg=="
        }
      }
    },
    "no-case": {
      "version": "3.0.3",
      "resolved": "https://registry.npmjs.org/no-case/-/no-case-3.0.3.tgz",
      "integrity": "sha512-ehY/mVQCf9BL0gKfsJBvFJen+1V//U+0HQMPrWct40ixE4jnv0bfvxDbWtAHL9EcaPEOJHVVYKoQn1TlZUB8Tw==",
      "requires": {
        "lower-case": "^2.0.1",
        "tslib": "^1.10.0"
      },
      "dependencies": {
        "tslib": {
          "version": "1.14.1",
          "resolved": "https://registry.npmjs.org/tslib/-/tslib-1.14.1.tgz",
          "integrity": "sha512-Xni35NKzjgMrwevysHTCArtLDpPvye8zV/0E4EyYn43P7/7qvQwPh9BGkHewbMulVntbigmcT7rdX3BNo9wRJg=="
        }
      }
    },
    "pascal-case": {
      "version": "3.1.1",
      "resolved": "https://registry.npmjs.org/pascal-case/-/pascal-case-3.1.1.tgz",
      "integrity": "sha512-XIeHKqIrsquVTQL2crjq3NfJUxmdLasn3TYOU0VBM+UX2a6ztAWBlJQBePLGY7VHW8+2dRadeIPK5+KImwTxQA==",
      "requires": {
        "no-case": "^3.0.3",
        "tslib": "^1.10.0"
      },
      "dependencies": {
        "tslib": {
          "version": "1.14.1",
          "resolved": "https://registry.npmjs.org/tslib/-/tslib-1.14.1.tgz",
          "integrity": "sha512-Xni35NKzjgMrwevysHTCArtLDpPvye8zV/0E4EyYn43P7/7qvQwPh9BGkHewbMulVntbigmcT7rdX3BNo9wRJg=="
        }
      }
    },
    "tslib": {
      "version": "2.0.3",
      "resolved": "https://registry.npmjs.org/tslib/-/tslib-2.0.3.tgz",
      "integrity": "sha512-uZtkfKblCEQtZKBF6EBXVZeQNl82yqtDQdv+eck8u7tdPxjLu2/lp5/uPW+um2tpuxINHWy3GhiccY7QgEaVHQ=="
    }
  }
}
